// !$*UTF8*$!
{
	archiveVersion = 1;
	classes = {
	};
	objectVersion = 55;
	objects = {

/* Begin PBXBuildFile section */
		DE024EB728C5B29D00FE2F2A /* Alert.swift in Sources */ = {isa = PBXBuildFile; fileRef = DE024EB628C5B29D00FE2F2A /* Alert.swift */; };
		DE5DDCD528BF504B00F1DC87 /* Memo.swift in Sources */ = {isa = PBXBuildFile; fileRef = DE5DDCD428BF504B00F1DC87 /* Memo.swift */; };
		DE5DDCD728BF57A600F1DC87 /* BaseTableViewHeaderView.swift in Sources */ = {isa = PBXBuildFile; fileRef = DE5DDCD628BF57A600F1DC87 /* BaseTableViewHeaderView.swift */; };
		DE5DDCD928BF588800F1DC87 /* MemoListTableViewHeaderView.swift in Sources */ = {isa = PBXBuildFile; fileRef = DE5DDCD828BF588800F1DC87 /* MemoListTableViewHeaderView.swift */; };
		DE5DDCDC28BF725900F1DC87 /* WriteViewController.swift in Sources */ = {isa = PBXBuildFile; fileRef = DE5DDCDB28BF725900F1DC87 /* WriteViewController.swift */; };
		DE5DDCDE28BF78FC00F1DC87 /* ActivityViewController.swift in Sources */ = {isa = PBXBuildFile; fileRef = DE5DDCDD28BF78FC00F1DC87 /* ActivityViewController.swift */; };
		DEAC108028C5D90F002C18C3 /* FirstViewController.swift in Sources */ = {isa = PBXBuildFile; fileRef = DEAC107F28C5D90F002C18C3 /* FirstViewController.swift */; };
		DEC8782928BF25EB00CCB5BD /* AppDelegate.swift in Sources */ = {isa = PBXBuildFile; fileRef = DEC8782828BF25EB00CCB5BD /* AppDelegate.swift */; };
		DEC8782B28BF25EB00CCB5BD /* SceneDelegate.swift in Sources */ = {isa = PBXBuildFile; fileRef = DEC8782A28BF25EB00CCB5BD /* SceneDelegate.swift */; };
		DEC8782D28BF25EB00CCB5BD /* ViewController.swift in Sources */ = {isa = PBXBuildFile; fileRef = DEC8782C28BF25EB00CCB5BD /* ViewController.swift */; };
		DEC8783028BF25EB00CCB5BD /* Main.storyboard in Resources */ = {isa = PBXBuildFile; fileRef = DEC8782E28BF25EB00CCB5BD /* Main.storyboard */; };
		DEC8783228BF25ED00CCB5BD /* Assets.xcassets in Resources */ = {isa = PBXBuildFile; fileRef = DEC8783128BF25ED00CCB5BD /* Assets.xcassets */; };
		DEC8783528BF25ED00CCB5BD /* LaunchScreen.storyboard in Resources */ = {isa = PBXBuildFile; fileRef = DEC8783328BF25ED00CCB5BD /* LaunchScreen.storyboard */; };
		DEC8783F28BF270F00CCB5BD /* BaseView.swift in Sources */ = {isa = PBXBuildFile; fileRef = DEC8783E28BF270F00CCB5BD /* BaseView.swift */; };
		DEC8784128BF271700CCB5BD /* BaseViewController.swift in Sources */ = {isa = PBXBuildFile; fileRef = DEC8784028BF271700CCB5BD /* BaseViewController.swift */; };
		DEC8784428BF278600CCB5BD /* Color.swift in Sources */ = {isa = PBXBuildFile; fileRef = DEC8784328BF278600CCB5BD /* Color.swift */; };
		DEC8784628BF28C300CCB5BD /* BaseTableViewCell.swift in Sources */ = {isa = PBXBuildFile; fileRef = DEC8784528BF28C300CCB5BD /* BaseTableViewCell.swift */; };
		DEC8784928BF290F00CCB5BD /* MemoListViewController.swift in Sources */ = {isa = PBXBuildFile; fileRef = DEC8784828BF290F00CCB5BD /* MemoListViewController.swift */; };
		DEC8784E28BF330700CCB5BD /* SnapKit in Frameworks */ = {isa = PBXBuildFile; productRef = DEC8784D28BF330700CCB5BD /* SnapKit */; };
		DEC8785028BF38C400CCB5BD /* MemoListTableViewCell.swift in Sources */ = {isa = PBXBuildFile; fileRef = DEC8784F28BF38C400CCB5BD /* MemoListTableViewCell.swift */; };
		DEC8785328BF3AD900CCB5BD /* ReusableProtocol.swift in Sources */ = {isa = PBXBuildFile; fileRef = DEC8785228BF3AD900CCB5BD /* ReusableProtocol.swift */; };
		DEFFD08B28C090460067B9CC /* Realm in Frameworks */ = {isa = PBXBuildFile; productRef = DEFFD08A28C090460067B9CC /* Realm */; };
		DEFFD08D28C090460067B9CC /* RealmSwift in Frameworks */ = {isa = PBXBuildFile; productRef = DEFFD08C28C090460067B9CC /* RealmSwift */; };
		DEFFD08F28C090B10067B9CC /* RealmModel.swift in Sources */ = {isa = PBXBuildFile; fileRef = DEFFD08E28C090B10067B9CC /* RealmModel.swift */; };
/* End PBXBuildFile section */

/* Begin PBXFileReference section */
		DE024EB628C5B29D00FE2F2A /* Alert.swift */ = {isa = PBXFileReference; lastKnownFileType = sourcecode.swift; path = Alert.swift; sourceTree = "<group>"; };
		DE5DDCD428BF504B00F1DC87 /* Memo.swift */ = {isa = PBXFileReference; lastKnownFileType = sourcecode.swift; path = Memo.swift; sourceTree = "<group>"; };
		DE5DDCD628BF57A600F1DC87 /* BaseTableViewHeaderView.swift */ = {isa = PBXFileReference; lastKnownFileType = sourcecode.swift; path = BaseTableViewHeaderView.swift; sourceTree = "<group>"; };
		DE5DDCD828BF588800F1DC87 /* MemoListTableViewHeaderView.swift */ = {isa = PBXFileReference; lastKnownFileType = sourcecode.swift; path = MemoListTableViewHeaderView.swift; sourceTree = "<group>"; };
		DE5DDCDB28BF725900F1DC87 /* WriteViewController.swift */ = {isa = PBXFileReference; lastKnownFileType = sourcecode.swift; path = WriteViewController.swift; sourceTree = "<group>"; };
		DE5DDCDD28BF78FC00F1DC87 /* ActivityViewController.swift */ = {isa = PBXFileReference; lastKnownFileType = sourcecode.swift; path = ActivityViewController.swift; sourceTree = "<group>"; };
		DEAC107F28C5D90F002C18C3 /* FirstViewController.swift */ = {isa = PBXFileReference; lastKnownFileType = sourcecode.swift; path = FirstViewController.swift; sourceTree = "<group>"; };
		DEC8782528BF25EB00CCB5BD /* MemoProject.app */ = {isa = PBXFileReference; explicitFileType = wrapper.application; includeInIndex = 0; path = MemoProject.app; sourceTree = BUILT_PRODUCTS_DIR; };
		DEC8782828BF25EB00CCB5BD /* AppDelegate.swift */ = {isa = PBXFileReference; lastKnownFileType = sourcecode.swift; path = AppDelegate.swift; sourceTree = "<group>"; };
		DEC8782A28BF25EB00CCB5BD /* SceneDelegate.swift */ = {isa = PBXFileReference; lastKnownFileType = sourcecode.swift; path = SceneDelegate.swift; sourceTree = "<group>"; };
		DEC8782C28BF25EB00CCB5BD /* ViewController.swift */ = {isa = PBXFileReference; lastKnownFileType = sourcecode.swift; path = ViewController.swift; sourceTree = "<group>"; };
		DEC8782F28BF25EB00CCB5BD /* Base */ = {isa = PBXFileReference; lastKnownFileType = file.storyboard; name = Base; path = Base.lproj/Main.storyboard; sourceTree = "<group>"; };
		DEC8783128BF25ED00CCB5BD /* Assets.xcassets */ = {isa = PBXFileReference; lastKnownFileType = folder.assetcatalog; path = Assets.xcassets; sourceTree = "<group>"; };
		DEC8783428BF25ED00CCB5BD /* Base */ = {isa = PBXFileReference; lastKnownFileType = file.storyboard; name = Base; path = Base.lproj/LaunchScreen.storyboard; sourceTree = "<group>"; };
		DEC8783628BF25ED00CCB5BD /* Info.plist */ = {isa = PBXFileReference; lastKnownFileType = text.plist.xml; path = Info.plist; sourceTree = "<group>"; };
		DEC8783E28BF270F00CCB5BD /* BaseView.swift */ = {isa = PBXFileReference; lastKnownFileType = sourcecode.swift; path = BaseView.swift; sourceTree = "<group>"; };
		DEC8784028BF271700CCB5BD /* BaseViewController.swift */ = {isa = PBXFileReference; lastKnownFileType = sourcecode.swift; path = BaseViewController.swift; sourceTree = "<group>"; };
		DEC8784328BF278600CCB5BD /* Color.swift */ = {isa = PBXFileReference; lastKnownFileType = sourcecode.swift; path = Color.swift; sourceTree = "<group>"; };
		DEC8784528BF28C300CCB5BD /* BaseTableViewCell.swift */ = {isa = PBXFileReference; lastKnownFileType = sourcecode.swift; path = BaseTableViewCell.swift; sourceTree = "<group>"; };
		DEC8784828BF290F00CCB5BD /* MemoListViewController.swift */ = {isa = PBXFileReference; lastKnownFileType = sourcecode.swift; path = MemoListViewController.swift; sourceTree = "<group>"; };
		DEC8784F28BF38C400CCB5BD /* MemoListTableViewCell.swift */ = {isa = PBXFileReference; lastKnownFileType = sourcecode.swift; path = MemoListTableViewCell.swift; sourceTree = "<group>"; };
		DEC8785228BF3AD900CCB5BD /* ReusableProtocol.swift */ = {isa = PBXFileReference; lastKnownFileType = sourcecode.swift; path = ReusableProtocol.swift; sourceTree = "<group>"; };
		DEFFD08E28C090B10067B9CC /* RealmModel.swift */ = {isa = PBXFileReference; lastKnownFileType = sourcecode.swift; path = RealmModel.swift; sourceTree = "<group>"; };
/* End PBXFileReference section */

/* Begin PBXFrameworksBuildPhase section */
		DEC8782228BF25EB00CCB5BD /* Frameworks */ = {
			isa = PBXFrameworksBuildPhase;
			buildActionMask = 2147483647;
			files = (
				DEFFD08D28C090460067B9CC /* RealmSwift in Frameworks */,
				DEFFD08B28C090460067B9CC /* Realm in Frameworks */,
				DEC8784E28BF330700CCB5BD /* SnapKit in Frameworks */,
			);
			runOnlyForDeploymentPostprocessing = 0;
		};
/* End PBXFrameworksBuildPhase section */

/* Begin PBXGroup section */
		DE5DDCD328BF502A00F1DC87 /* Model */ = {
			isa = PBXGroup;
			children = (
				DE5DDCD428BF504B00F1DC87 /* Memo.swift */,
				DEFFD08E28C090B10067B9CC /* RealmModel.swift */,
			);
			path = Model;
			sourceTree = "<group>";
		};
		DE5DDCDA28BF724E00F1DC87 /* Write */ = {
			isa = PBXGroup;
			children = (
				DE5DDCDB28BF725900F1DC87 /* WriteViewController.swift */,
			);
			path = Write;
			sourceTree = "<group>";
		};
		DEAC107E28C5D8FC002C18C3 /* FirstView */ = {
			isa = PBXGroup;
			children = (
				DEAC107F28C5D90F002C18C3 /* FirstViewController.swift */,
			);
			path = FirstView;
			sourceTree = "<group>";
		};
		DEC8781C28BF25EB00CCB5BD = {
			isa = PBXGroup;
			children = (
				DEC8782728BF25EB00CCB5BD /* MemoProject */,
				DEC8782628BF25EB00CCB5BD /* Products */,
			);
			sourceTree = "<group>";
		};
		DEC8782628BF25EB00CCB5BD /* Products */ = {
			isa = PBXGroup;
			children = (
				DEC8782528BF25EB00CCB5BD /* MemoProject.app */,
			);
			name = Products;
			sourceTree = "<group>";
		};
		DEC8782728BF25EB00CCB5BD /* MemoProject */ = {
			isa = PBXGroup;
			children = (
				DEAC107E28C5D8FC002C18C3 /* FirstView */,
				DE5DDCD328BF502A00F1DC87 /* Model */,
				DEC8785128BF3AC900CCB5BD /* Framework */,
				DE5DDCDA28BF724E00F1DC87 /* Write */,
				DEC8784728BF28FC00CCB5BD /* MemoList */,
				DEC8784228BF277D00CCB5BD /* Constants */,
				DEC8783D28BF270100CCB5BD /* BaseView */,
				DEC8782828BF25EB00CCB5BD /* AppDelegate.swift */,
				DEC8782A28BF25EB00CCB5BD /* SceneDelegate.swift */,
				DEC8782C28BF25EB00CCB5BD /* ViewController.swift */,
				DEC8782E28BF25EB00CCB5BD /* Main.storyboard */,
				DEC8783128BF25ED00CCB5BD /* Assets.xcassets */,
				DEC8783328BF25ED00CCB5BD /* LaunchScreen.storyboard */,
				DEC8783628BF25ED00CCB5BD /* Info.plist */,
			);
			path = MemoProject;
			sourceTree = "<group>";
		};
		DEC8783D28BF270100CCB5BD /* BaseView */ = {
			isa = PBXGroup;
			children = (
				DEC8783E28BF270F00CCB5BD /* BaseView.swift */,
				DEC8784028BF271700CCB5BD /* BaseViewController.swift */,
				DEC8784528BF28C300CCB5BD /* BaseTableViewCell.swift */,
				DE5DDCD628BF57A600F1DC87 /* BaseTableViewHeaderView.swift */,
			);
			path = BaseView;
			sourceTree = "<group>";
		};
		DEC8784228BF277D00CCB5BD /* Constants */ = {
			isa = PBXGroup;
			children = (
				DEC8784328BF278600CCB5BD /* Color.swift */,
			);
			path = Constants;
			sourceTree = "<group>";
		};
		DEC8784728BF28FC00CCB5BD /* MemoList */ = {
			isa = PBXGroup;
			children = (
				DEC8784828BF290F00CCB5BD /* MemoListViewController.swift */,
				DEC8784F28BF38C400CCB5BD /* MemoListTableViewCell.swift */,
				DE5DDCD828BF588800F1DC87 /* MemoListTableViewHeaderView.swift */,
			);
			path = MemoList;
			sourceTree = "<group>";
		};
		DEC8785128BF3AC900CCB5BD /* Framework */ = {
			isa = PBXGroup;
			children = (
				DEC8785228BF3AD900CCB5BD /* ReusableProtocol.swift */,
				DE5DDCDD28BF78FC00F1DC87 /* ActivityViewController.swift */,
				DE024EB628C5B29D00FE2F2A /* Alert.swift */,
			);
			path = Framework;
			sourceTree = "<group>";
		};
/* End PBXGroup section */

/* Begin PBXNativeTarget section */
		DEC8782428BF25EB00CCB5BD /* MemoProject */ = {
			isa = PBXNativeTarget;
			buildConfigurationList = DEC8783928BF25ED00CCB5BD /* Build configuration list for PBXNativeTarget "MemoProject" */;
			buildPhases = (
				DEC8782128BF25EB00CCB5BD /* Sources */,
				DEC8782228BF25EB00CCB5BD /* Frameworks */,
				DEC8782328BF25EB00CCB5BD /* Resources */,
			);
			buildRules = (
			);
			dependencies = (
			);
			name = MemoProject;
			packageProductDependencies = (
				DEC8784D28BF330700CCB5BD /* SnapKit */,
				DEFFD08A28C090460067B9CC /* Realm */,
				DEFFD08C28C090460067B9CC /* RealmSwift */,
			);
			productName = MemoProject;
			productReference = DEC8782528BF25EB00CCB5BD /* MemoProject.app */;
			productType = "com.apple.product-type.application";
		};
/* End PBXNativeTarget section */

/* Begin PBXProject section */
		DEC8781D28BF25EB00CCB5BD /* Project object */ = {
			isa = PBXProject;
			attributes = {
				BuildIndependentTargetsInParallel = 1;
				LastSwiftUpdateCheck = 1330;
				LastUpgradeCheck = 1330;
				TargetAttributes = {
					DEC8782428BF25EB00CCB5BD = {
						CreatedOnToolsVersion = 13.3.1;
					};
				};
			};
			buildConfigurationList = DEC8782028BF25EB00CCB5BD /* Build configuration list for PBXProject "MemoProject" */;
			compatibilityVersion = "Xcode 13.0";
			developmentRegion = en;
			hasScannedForEncodings = 0;
			knownRegions = (
				en,
				Base,
			);
			mainGroup = DEC8781C28BF25EB00CCB5BD;
			packageReferences = (
				DEC8784C28BF330700CCB5BD /* XCRemoteSwiftPackageReference "SnapKit" */,
				DEFFD08928C090460067B9CC /* XCRemoteSwiftPackageReference "realm-swift" */,
			);
			productRefGroup = DEC8782628BF25EB00CCB5BD /* Products */;
			projectDirPath = "";
			projectRoot = "";
			targets = (
				DEC8782428BF25EB00CCB5BD /* MemoProject */,
			);
		};
/* End PBXProject section */

/* Begin PBXResourcesBuildPhase section */
		DEC8782328BF25EB00CCB5BD /* Resources */ = {
			isa = PBXResourcesBuildPhase;
			buildActionMask = 2147483647;
			files = (
				DEC8783528BF25ED00CCB5BD /* LaunchScreen.storyboard in Resources */,
				DEC8783228BF25ED00CCB5BD /* Assets.xcassets in Resources */,
				DEC8783028BF25EB00CCB5BD /* Main.storyboard in Resources */,
			);
			runOnlyForDeploymentPostprocessing = 0;
		};
/* End PBXResourcesBuildPhase section */

/* Begin PBXSourcesBuildPhase section */
		DEC8782128BF25EB00CCB5BD /* Sources */ = {
			isa = PBXSourcesBuildPhase;
			buildActionMask = 2147483647;
			files = (
				DEC8784928BF290F00CCB5BD /* MemoListViewController.swift in Sources */,
				DEC8784128BF271700CCB5BD /* BaseViewController.swift in Sources */,
				DEC8782D28BF25EB00CCB5BD /* ViewController.swift in Sources */,
				DE024EB728C5B29D00FE2F2A /* Alert.swift in Sources */,
				DEC8782928BF25EB00CCB5BD /* AppDelegate.swift in Sources */,
				DEC8785028BF38C400CCB5BD /* MemoListTableViewCell.swift in Sources */,
				DEC8785328BF3AD900CCB5BD /* ReusableProtocol.swift in Sources */,
				DEAC108028C5D90F002C18C3 /* FirstViewController.swift in Sources */,
				DE5DDCDC28BF725900F1DC87 /* WriteViewController.swift in Sources */,
				DE5DDCD528BF504B00F1DC87 /* Memo.swift in Sources */,
				DEC8782B28BF25EB00CCB5BD /* SceneDelegate.swift in Sources */,
				DEC8784628BF28C300CCB5BD /* BaseTableViewCell.swift in Sources */,
				DEC8783F28BF270F00CCB5BD /* BaseView.swift in Sources */,
				DE5DDCD728BF57A600F1DC87 /* BaseTableViewHeaderView.swift in Sources */,
				DE5DDCD928BF588800F1DC87 /* MemoListTableViewHeaderView.swift in Sources */,
				DEFFD08F28C090B10067B9CC /* RealmModel.swift in Sources */,
				DE5DDCDE28BF78FC00F1DC87 /* ActivityViewController.swift in Sources */,
				DEC8784428BF278600CCB5BD /* Color.swift in Sources */,
			);
			runOnlyForDeploymentPostprocessing = 0;
		};
/* End PBXSourcesBuildPhase section */

/* Begin PBXVariantGroup section */
		DEC8782E28BF25EB00CCB5BD /* Main.storyboard */ = {
			isa = PBXVariantGroup;
			children = (
				DEC8782F28BF25EB00CCB5BD /* Base */,
			);
			name = Main.storyboard;
			sourceTree = "<group>";
		};
		DEC8783328BF25ED00CCB5BD /* LaunchScreen.storyboard */ = {
			isa = PBXVariantGroup;
			children = (
				DEC8783428BF25ED00CCB5BD /* Base */,
			);
			name = LaunchScreen.storyboard;
			sourceTree = "<group>";
		};
/* End PBXVariantGroup section */

/* Begin XCBuildConfiguration section */
		DEC8783728BF25ED00CCB5BD /* Debug */ = {
			isa = XCBuildConfiguration;
			buildSettings = {
				ALWAYS_SEARCH_USER_PATHS = NO;
				CLANG_ANALYZER_NONNULL = YES;
				CLANG_ANALYZER_NUMBER_OBJECT_CONVERSION = YES_AGGRESSIVE;
				CLANG_CXX_LANGUAGE_STANDARD = "gnu++17";
				CLANG_ENABLE_MODULES = YES;
				CLANG_ENABLE_OBJC_ARC = YES;
				CLANG_ENABLE_OBJC_WEAK = YES;
				CLANG_WARN_BLOCK_CAPTURE_AUTORELEASING = YES;
				CLANG_WARN_BOOL_CONVERSION = YES;
				CLANG_WARN_COMMA = YES;
				CLANG_WARN_CONSTANT_CONVERSION = YES;
				CLANG_WARN_DEPRECATED_OBJC_IMPLEMENTATIONS = YES;
				CLANG_WARN_DIRECT_OBJC_ISA_USAGE = YES_ERROR;
				CLANG_WARN_DOCUMENTATION_COMMENTS = YES;
				CLANG_WARN_EMPTY_BODY = YES;
				CLANG_WARN_ENUM_CONVERSION = YES;
				CLANG_WARN_INFINITE_RECURSION = YES;
				CLANG_WARN_INT_CONVERSION = YES;
				CLANG_WARN_NON_LITERAL_NULL_CONVERSION = YES;
				CLANG_WARN_OBJC_IMPLICIT_RETAIN_SELF = YES;
				CLANG_WARN_OBJC_LITERAL_CONVERSION = YES;
				CLANG_WARN_OBJC_ROOT_CLASS = YES_ERROR;
				CLANG_WARN_QUOTED_INCLUDE_IN_FRAMEWORK_HEADER = YES;
				CLANG_WARN_RANGE_LOOP_ANALYSIS = YES;
				CLANG_WARN_STRICT_PROTOTYPES = YES;
				CLANG_WARN_SUSPICIOUS_MOVE = YES;
				CLANG_WARN_UNGUARDED_AVAILABILITY = YES_AGGRESSIVE;
				CLANG_WARN_UNREACHABLE_CODE = YES;
				CLANG_WARN__DUPLICATE_METHOD_MATCH = YES;
				COPY_PHASE_STRIP = NO;
				DEBUG_INFORMATION_FORMAT = dwarf;
				ENABLE_STRICT_OBJC_MSGSEND = YES;
				ENABLE_TESTABILITY = YES;
				GCC_C_LANGUAGE_STANDARD = gnu11;
				GCC_DYNAMIC_NO_PIC = NO;
				GCC_NO_COMMON_BLOCKS = YES;
				GCC_OPTIMIZATION_LEVEL = 0;
				GCC_PREPROCESSOR_DEFINITIONS = (
					"DEBUG=1",
					"$(inherited)",
				);
				GCC_WARN_64_TO_32_BIT_CONVERSION = YES;
				GCC_WARN_ABOUT_RETURN_TYPE = YES_ERROR;
				GCC_WARN_UNDECLARED_SELECTOR = YES;
				GCC_WARN_UNINITIALIZED_AUTOS = YES_AGGRESSIVE;
				GCC_WARN_UNUSED_FUNCTION = YES;
				GCC_WARN_UNUSED_VARIABLE = YES;
				IPHONEOS_DEPLOYMENT_TARGET = 13.0;
				MTL_ENABLE_DEBUG_INFO = INCLUDE_SOURCE;
				MTL_FAST_MATH = YES;
				ONLY_ACTIVE_ARCH = YES;
				SDKROOT = iphoneos;
				SWIFT_ACTIVE_COMPILATION_CONDITIONS = DEBUG;
				SWIFT_OPTIMIZATION_LEVEL = "-Onone";
			};
			name = Debug;
		};
		DEC8783828BF25ED00CCB5BD /* Release */ = {
			isa = XCBuildConfiguration;
			buildSettings = {
				ALWAYS_SEARCH_USER_PATHS = NO;
				CLANG_ANALYZER_NONNULL = YES;
				CLANG_ANALYZER_NUMBER_OBJECT_CONVERSION = YES_AGGRESSIVE;
				CLANG_CXX_LANGUAGE_STANDARD = "gnu++17";
				CLANG_ENABLE_MODULES = YES;
				CLANG_ENABLE_OBJC_ARC = YES;
				CLANG_ENABLE_OBJC_WEAK = YES;
				CLANG_WARN_BLOCK_CAPTURE_AUTORELEASING = YES;
				CLANG_WARN_BOOL_CONVERSION = YES;
				CLANG_WARN_COMMA = YES;
				CLANG_WARN_CONSTANT_CONVERSION = YES;
				CLANG_WARN_DEPRECATED_OBJC_IMPLEMENTATIONS = YES;
				CLANG_WARN_DIRECT_OBJC_ISA_USAGE = YES_ERROR;
				CLANG_WARN_DOCUMENTATION_COMMENTS = YES;
				CLANG_WARN_EMPTY_BODY = YES;
				CLANG_WARN_ENUM_CONVERSION = YES;
				CLANG_WARN_INFINITE_RECURSION = YES;
				CLANG_WARN_INT_CONVERSION = YES;
				CLANG_WARN_NON_LITERAL_NULL_CONVERSION = YES;
				CLANG_WARN_OBJC_IMPLICIT_RETAIN_SELF = YES;
				CLANG_WARN_OBJC_LITERAL_CONVERSION = YES;
				CLANG_WARN_OBJC_ROOT_CLASS = YES_ERROR;
				CLANG_WARN_QUOTED_INCLUDE_IN_FRAMEWORK_HEADER = YES;
				CLANG_WARN_RANGE_LOOP_ANALYSIS = YES;
				CLANG_WARN_STRICT_PROTOTYPES = YES;
				CLANG_WARN_SUSPICIOUS_MOVE = YES;
				CLANG_WARN_UNGUARDED_AVAILABILITY = YES_AGGRESSIVE;
				CLANG_WARN_UNREACHABLE_CODE = YES;
				CLANG_WARN__DUPLICATE_METHOD_MATCH = YES;
				COPY_PHASE_STRIP = NO;
				DEBUG_INFORMATION_FORMAT = "dwarf-with-dsym";
				ENABLE_NS_ASSERTIONS = NO;
				ENABLE_STRICT_OBJC_MSGSEND = YES;
				GCC_C_LANGUAGE_STANDARD = gnu11;
				GCC_NO_COMMON_BLOCKS = YES;
				GCC_WARN_64_TO_32_BIT_CONVERSION = YES;
				GCC_WARN_ABOUT_RETURN_TYPE = YES_ERROR;
				GCC_WARN_UNDECLARED_SELECTOR = YES;
				GCC_WARN_UNINITIALIZED_AUTOS = YES_AGGRESSIVE;
				GCC_WARN_UNUSED_FUNCTION = YES;
				GCC_WARN_UNUSED_VARIABLE = YES;
				IPHONEOS_DEPLOYMENT_TARGET = 13.0;
				MTL_ENABLE_DEBUG_INFO = NO;
				MTL_FAST_MATH = YES;
				SDKROOT = iphoneos;
				SWIFT_COMPILATION_MODE = wholemodule;
				SWIFT_OPTIMIZATION_LEVEL = "-O";
				VALIDATE_PRODUCT = YES;
			};
			name = Release;
		};
		DEC8783A28BF25ED00CCB5BD /* Debug */ = {
			isa = XCBuildConfiguration;
			buildSettings = {
				ASSETCATALOG_COMPILER_APPICON_NAME = AppIcon;
				ASSETCATALOG_COMPILER_GLOBAL_ACCENT_COLOR_NAME = AccentColor;
				CODE_SIGN_STYLE = Automatic;
				CURRENT_PROJECT_VERSION = 1;
				DEVELOPMENT_TEAM = DV7XBU83N5;
				GENERATE_INFOPLIST_FILE = YES;
				INFOPLIST_FILE = MemoProject/Info.plist;
				INFOPLIST_KEY_CFBundleDisplayName = "최지원";
				INFOPLIST_KEY_UIApplicationSupportsIndirectInputEvents = YES;
				INFOPLIST_KEY_UILaunchStoryboardName = LaunchScreen;
				INFOPLIST_KEY_UIMainStoryboardFile = Main;
				INFOPLIST_KEY_UISupportedInterfaceOrientations = UIInterfaceOrientationPortrait;
				INFOPLIST_KEY_UISupportedInterfaceOrientations_iPad = "UIInterfaceOrientationPortrait UIInterfaceOrientationPortraitUpsideDown UIInterfaceOrientationLandscapeLeft UIInterfaceOrientationLandscapeRight";
				INFOPLIST_KEY_UISupportedInterfaceOrientations_iPhone = "UIInterfaceOrientationPortrait UIInterfaceOrientationLandscapeLeft UIInterfaceOrientationLandscapeRight";
				IPHONEOS_DEPLOYMENT_TARGET = 13.0;
				LD_RUNPATH_SEARCH_PATHS = (
					"$(inherited)",
					"@executable_path/Frameworks",
				);
				MARKETING_VERSION = 1.0;
				PRODUCT_BUNDLE_IDENTIFIER = com.sesac.MemoProject;
				PRODUCT_NAME = "$(TARGET_NAME)";
				SWIFT_EMIT_LOC_STRINGS = YES;
				SWIFT_VERSION = 5.0;
				TARGETED_DEVICE_FAMILY = 1;
			};
			name = Debug;
		};
		DEC8783B28BF25ED00CCB5BD /* Release */ = {
			isa = XCBuildConfiguration;
			buildSettings = {
				ASSETCATALOG_COMPILER_APPICON_NAME = AppIcon;
				ASSETCATALOG_COMPILER_GLOBAL_ACCENT_COLOR_NAME = AccentColor;
				CODE_SIGN_STYLE = Automatic;
				CURRENT_PROJECT_VERSION = 1;
				DEVELOPMENT_TEAM = DV7XBU83N5;
				GENERATE_INFOPLIST_FILE = YES;
				INFOPLIST_FILE = MemoProject/Info.plist;
				INFOPLIST_KEY_CFBundleDisplayName = "최지원";
				INFOPLIST_KEY_UIApplicationSupportsIndirectInputEvents = YES;
				INFOPLIST_KEY_UILaunchStoryboardName = LaunchScreen;
				INFOPLIST_KEY_UIMainStoryboardFile = Main;
				INFOPLIST_KEY_UISupportedInterfaceOrientations = UIInterfaceOrientationPortrait;
				INFOPLIST_KEY_UISupportedInterfaceOrientations_iPad = "UIInterfaceOrientationPortrait UIInterfaceOrientationPortraitUpsideDown UIInterfaceOrientationLandscapeLeft UIInterfaceOrientationLandscapeRight";
				INFOPLIST_KEY_UISupportedInterfaceOrientations_iPhone = "UIInterfaceOrientationPortrait UIInterfaceOrientationLandscapeLeft UIInterfaceOrientationLandscapeRight";
				IPHONEOS_DEPLOYMENT_TARGET = 13.0;
				LD_RUNPATH_SEARCH_PATHS = (
					"$(inherited)",
					"@executable_path/Frameworks",
				);
				MARKETING_VERSION = 1.0;
				PRODUCT_BUNDLE_IDENTIFIER = com.sesac.MemoProject;
				PRODUCT_NAME = "$(TARGET_NAME)";
				SWIFT_EMIT_LOC_STRINGS = YES;
				SWIFT_VERSION = 5.0;
				TARGETED_DEVICE_FAMILY = 1;
			};
			name = Release;
		};
/* End XCBuildConfiguration section */

/* Begin XCConfigurationList section */
		DEC8782028BF25EB00CCB5BD /* Build configuration list for PBXProject "MemoProject" */ = {
			isa = XCConfigurationList;
			buildConfigurations = (
				DEC8783728BF25ED00CCB5BD /* Debug */,
				DEC8783828BF25ED00CCB5BD /* Release */,
			);
			defaultConfigurationIsVisible = 0;
			defaultConfigurationName = Release;
		};
		DEC8783928BF25ED00CCB5BD /* Build configuration list for PBXNativeTarget "MemoProject" */ = {
			isa = XCConfigurationList;
			buildConfigurations = (
				DEC8783A28BF25ED00CCB5BD /* Debug */,
				DEC8783B28BF25ED00CCB5BD /* Release */,
			);
			defaultConfigurationIsVisible = 0;
			defaultConfigurationName = Release;
		};
/* End XCConfigurationList section */

/* Begin XCRemoteSwiftPackageReference section */
		DEC8784C28BF330700CCB5BD /* XCRemoteSwiftPackageReference "SnapKit" */ = {
			isa = XCRemoteSwiftPackageReference;
			repositoryURL = "https://github.com/SnapKit/SnapKit.git";
			requirement = {
				kind = upToNextMajorVersion;
				minimumVersion = 5.0.0;
			};
		};
		DEFFD08928C090460067B9CC /* XCRemoteSwiftPackageReference "realm-swift" */ = {
			isa = XCRemoteSwiftPackageReference;
			repositoryURL = "https://github.com/realm/realm-swift.git";
			requirement = {
				kind = upToNextMajorVersion;
				minimumVersion = 10.0.0;
			};
		};
/* End XCRemoteSwiftPackageReference section */

/* Begin XCSwiftPackageProductDependency section */
		DEC8784D28BF330700CCB5BD /* SnapKit */ = {
			isa = XCSwiftPackageProductDependency;
			package = DEC8784C28BF330700CCB5BD /* XCRemoteSwiftPackageReference "SnapKit" */;
			productName = SnapKit;
		};
		DEFFD08A28C090460067B9CC /* Realm */ = {
			isa = XCSwiftPackageProductDependency;
			package = DEFFD08928C090460067B9CC /* XCRemoteSwiftPackageReference "realm-swift" */;
			productName = Realm;
		};
		DEFFD08C28C090460067B9CC /* RealmSwift */ = {
			isa = XCSwiftPackageProductDependency;
			package = DEFFD08928C090460067B9CC /* XCRemoteSwiftPackageReference "realm-swift" */;
			productName = RealmSwift;
		};
/* End XCSwiftPackageProductDependency section */
	};
	rootObject = DEC8781D28BF25EB00CCB5BD /* Project object */;
}
